
Microsoft Visual Studio Solution File, Format Version 12.00
# Visual Studio 15
VisualStudioVersion = 15.0.26730.12
MinimumVisualStudioVersion = 10.0.40219.1
Project("{FAE04EC0-301F-11D3-BF4B-00C04F79EFBC}") = "TravelProject", "TravelProject\TravelProject.csproj", "{98C4604E-EE57-4401-BB9C-1E06FD1FEF4D}"
EndProject
Global
	GlobalSection(SolutionConfigurationPlatforms) = preSolution
		Debug|Any CPU = Debug|Any CPU
		Release|Any CPU = Release|Any CPU
	EndGlobalSection
	GlobalSection(ProjectConfigurationPlatforms) = postSolution
		{98C4604E-EE57-4401-BB9C-1E06FD1FEF4D}.Debug|Any CPU.ActiveCfg = Debug|Any CPU
		{98C4604E-EE57-4401-BB9C-1E06FD1FEF4D}.Debug|Any CPU.Build.0 = Debug|Any CPU
		{98C4604E-EE57-4401-BB9C-1E06FD1FEF4D}.Release|Any CPU.ActiveCfg = Release|Any CPU
		{98C4604E-EE57-4401-BB9C-1E06FD1FEF4D}.Release|Any CPU.Build.0 = Release|Any CPU
	EndGlobalSection
	GlobalSection(SolutionProperties) = preSolution
		HideSolutionNode = FALSE
	EndGlobalSection
	GlobalSection(ExtensibilityGlobals) = postSolution
		SolutionGuid = {EE5157B0-314D-48E4-B11A-44D2F46942E2}
	EndGlobalSection
EndGlobal
